// !$*UTF8*$!
{
	archiveVersion = 1;
	classes = {
	};
	objectVersion = 56;
	objects = {

/* Begin PBXBuildFile section */
		9C41AC4229A2853D005F1198 /* AppDelegate.swift in Sources */ = {isa = PBXBuildFile; fileRef = 9C41AC4129A2853D005F1198 /* AppDelegate.swift */; };
		9C41AC4429A2853D005F1198 /* SceneDelegate.swift in Sources */ = {isa = PBXBuildFile; fileRef = 9C41AC4329A2853D005F1198 /* SceneDelegate.swift */; };
		9C41AC4629A2853D005F1198 /* MainViewController.swift in Sources */ = {isa = PBXBuildFile; fileRef = 9C41AC4529A2853D005F1198 /* MainViewController.swift */; };
		9C41AC4B29A2853E005F1198 /* Assets.xcassets in Resources */ = {isa = PBXBuildFile; fileRef = 9C41AC4A29A2853E005F1198 /* Assets.xcassets */; };
		9C41AC4E29A2853E005F1198 /* LaunchScreen.storyboard in Resources */ = {isa = PBXBuildFile; fileRef = 9C41AC4C29A2853E005F1198 /* LaunchScreen.storyboard */; };
		9C41AC5929A2853E005F1198 /* MVP___Unit_testsTests.swift in Sources */ = {isa = PBXBuildFile; fileRef = 9C41AC5829A2853E005F1198 /* MVP___Unit_testsTests.swift */; };
		9C41AC6329A2853E005F1198 /* MVP___Unit_testsUITests.swift in Sources */ = {isa = PBXBuildFile; fileRef = 9C41AC6229A2853E005F1198 /* MVP___Unit_testsUITests.swift */; };
		9C41AC6529A2853E005F1198 /* MVP___Unit_testsUITestsLaunchTests.swift in Sources */ = {isa = PBXBuildFile; fileRef = 9C41AC6429A2853E005F1198 /* MVP___Unit_testsUITestsLaunchTests.swift */; };
		9C41AC7229A2856E005F1198 /* Comment.swift in Sources */ = {isa = PBXBuildFile; fileRef = 9C41AC7129A2856E005F1198 /* Comment.swift */; };
		9C41AC7429A285A7005F1198 /* MainPresenter.swift in Sources */ = {isa = PBXBuildFile; fileRef = 9C41AC7329A285A7005F1198 /* MainPresenter.swift */; };
		9C41AC7729A28A40005F1198 /* Main.storyboard in Resources */ = {isa = PBXBuildFile; fileRef = 9C41AC7629A28A40005F1198 /* Main.storyboard */; };
		9C41AC7C29A28AFB005F1198 /* MainViewController.xib in Resources */ = {isa = PBXBuildFile; fileRef = 9C41AC7B29A28AFB005F1198 /* MainViewController.xib */; };
		9C41AC7E29A28C5E005F1198 /* ModuleBuilder.swift in Sources */ = {isa = PBXBuildFile; fileRef = 9C41AC7D29A28C5E005F1198 /* ModuleBuilder.swift */; };
		9C41AC8329A28FDF005F1198 /* MainPresenterTest.swift in Sources */ = {isa = PBXBuildFile; fileRef = 9C41AC8229A28FDF005F1198 /* MainPresenterTest.swift */; };
		9C41AC8529A374BD005F1198 /* NetworkService.swift in Sources */ = {isa = PBXBuildFile; fileRef = 9C41AC8429A374BD005F1198 /* NetworkService.swift */; };
		9C41AC8829A37F61005F1198 /* DetailPresenter.swift in Sources */ = {isa = PBXBuildFile; fileRef = 9C41AC8729A37F61005F1198 /* DetailPresenter.swift */; };
		9C41AC8D29A3819D005F1198 /* DetailViewController.swift in Sources */ = {isa = PBXBuildFile; fileRef = 9C41AC8B29A3819D005F1198 /* DetailViewController.swift */; };
		9C41AC8E29A3819D005F1198 /* DetailViewController.xib in Resources */ = {isa = PBXBuildFile; fileRef = 9C41AC8C29A3819D005F1198 /* DetailViewController.xib */; };
/* End PBXBuildFile section */

/* Begin PBXContainerItemProxy section */
		9C41AC5529A2853E005F1198 /* PBXContainerItemProxy */ = {
			isa = PBXContainerItemProxy;
			containerPortal = 9C41AC3629A2853D005F1198 /* Project object */;
			proxyType = 1;
			remoteGlobalIDString = 9C41AC3D29A2853D005F1198;
			remoteInfo = "MVP + Unit tests";
		};
		9C41AC5F29A2853E005F1198 /* PBXContainerItemProxy */ = {
			isa = PBXContainerItemProxy;
			containerPortal = 9C41AC3629A2853D005F1198 /* Project object */;
			proxyType = 1;
			remoteGlobalIDString = 9C41AC3D29A2853D005F1198;
			remoteInfo = "MVP + Unit tests";
		};
/* End PBXContainerItemProxy section */

/* Begin PBXFileReference section */
		9C41AC3E29A2853D005F1198 /* MVP + Unit tests.app */ = {isa = PBXFileReference; explicitFileType = wrapper.application; includeInIndex = 0; path = "MVP + Unit tests.app"; sourceTree = BUILT_PRODUCTS_DIR; };
		9C41AC4129A2853D005F1198 /* AppDelegate.swift */ = {isa = PBXFileReference; lastKnownFileType = sourcecode.swift; path = AppDelegate.swift; sourceTree = "<group>"; };
		9C41AC4329A2853D005F1198 /* SceneDelegate.swift */ = {isa = PBXFileReference; lastKnownFileType = sourcecode.swift; path = SceneDelegate.swift; sourceTree = "<group>"; };
		9C41AC4529A2853D005F1198 /* MainViewController.swift */ = {isa = PBXFileReference; lastKnownFileType = sourcecode.swift; path = MainViewController.swift; sourceTree = "<group>"; };
		9C41AC4A29A2853E005F1198 /* Assets.xcassets */ = {isa = PBXFileReference; lastKnownFileType = folder.assetcatalog; path = Assets.xcassets; sourceTree = "<group>"; };
		9C41AC4D29A2853E005F1198 /* Base */ = {isa = PBXFileReference; lastKnownFileType = file.storyboard; name = Base; path = Base.lproj/LaunchScreen.storyboard; sourceTree = "<group>"; };
		9C41AC4F29A2853E005F1198 /* Info.plist */ = {isa = PBXFileReference; lastKnownFileType = text.plist.xml; path = Info.plist; sourceTree = "<group>"; };
		9C41AC5429A2853E005F1198 /* MVP + Unit testsTests.xctest */ = {isa = PBXFileReference; explicitFileType = wrapper.cfbundle; includeInIndex = 0; path = "MVP + Unit testsTests.xctest"; sourceTree = BUILT_PRODUCTS_DIR; };
		9C41AC5829A2853E005F1198 /* MVP___Unit_testsTests.swift */ = {isa = PBXFileReference; lastKnownFileType = sourcecode.swift; path = "MVP___Unit_testsTests.swift"; sourceTree = "<group>"; };
		9C41AC5E29A2853E005F1198 /* MVP + Unit testsUITests.xctest */ = {isa = PBXFileReference; explicitFileType = wrapper.cfbundle; includeInIndex = 0; path = "MVP + Unit testsUITests.xctest"; sourceTree = BUILT_PRODUCTS_DIR; };
		9C41AC6229A2853E005F1198 /* MVP___Unit_testsUITests.swift */ = {isa = PBXFileReference; lastKnownFileType = sourcecode.swift; path = "MVP___Unit_testsUITests.swift"; sourceTree = "<group>"; };
		9C41AC6429A2853E005F1198 /* MVP___Unit_testsUITestsLaunchTests.swift */ = {isa = PBXFileReference; lastKnownFileType = sourcecode.swift; path = "MVP___Unit_testsUITestsLaunchTests.swift"; sourceTree = "<group>"; };
		9C41AC7129A2856E005F1198 /* Comment.swift */ = {isa = PBXFileReference; lastKnownFileType = sourcecode.swift; path = Comment.swift; sourceTree = "<group>"; };
		9C41AC7329A285A7005F1198 /* MainPresenter.swift */ = {isa = PBXFileReference; lastKnownFileType = sourcecode.swift; path = MainPresenter.swift; sourceTree = "<group>"; };
		9C41AC7629A28A40005F1198 /* Main.storyboard */ = {isa = PBXFileReference; lastKnownFileType = file.storyboard; path = Main.storyboard; sourceTree = "<group>"; };
		9C41AC7B29A28AFB005F1198 /* MainViewController.xib */ = {isa = PBXFileReference; lastKnownFileType = file.xib; path = MainViewController.xib; sourceTree = "<group>"; };
		9C41AC7D29A28C5E005F1198 /* ModuleBuilder.swift */ = {isa = PBXFileReference; lastKnownFileType = sourcecode.swift; path = ModuleBuilder.swift; sourceTree = "<group>"; };
		9C41AC8229A28FDF005F1198 /* MainPresenterTest.swift */ = {isa = PBXFileReference; lastKnownFileType = sourcecode.swift; path = MainPresenterTest.swift; sourceTree = "<group>"; };
		9C41AC8429A374BD005F1198 /* NetworkService.swift */ = {isa = PBXFileReference; lastKnownFileType = sourcecode.swift; path = NetworkService.swift; sourceTree = "<group>"; };
		9C41AC8729A37F61005F1198 /* DetailPresenter.swift */ = {isa = PBXFileReference; lastKnownFileType = sourcecode.swift; path = DetailPresenter.swift; sourceTree = "<group>"; };
		9C41AC8B29A3819D005F1198 /* DetailViewController.swift */ = {isa = PBXFileReference; lastKnownFileType = sourcecode.swift; path = DetailViewController.swift; sourceTree = "<group>"; };
		9C41AC8C29A3819D005F1198 /* DetailViewController.xib */ = {isa = PBXFileReference; lastKnownFileType = file.xib; path = DetailViewController.xib; sourceTree = "<group>"; };
/* End PBXFileReference section */

/* Begin PBXFrameworksBuildPhase section */
		9C41AC3B29A2853D005F1198 /* Frameworks */ = {
			isa = PBXFrameworksBuildPhase;
			buildActionMask = 2147483647;
			files = (
			);
			runOnlyForDeploymentPostprocessing = 0;
		};
		9C41AC5129A2853E005F1198 /* Frameworks */ = {
			isa = PBXFrameworksBuildPhase;
			buildActionMask = 2147483647;
			files = (
			);
			runOnlyForDeploymentPostprocessing = 0;
		};
		9C41AC5B29A2853E005F1198 /* Frameworks */ = {
			isa = PBXFrameworksBuildPhase;
			buildActionMask = 2147483647;
			files = (
			);
			runOnlyForDeploymentPostprocessing = 0;
		};
/* End PBXFrameworksBuildPhase section */

/* Begin PBXGroup section */
		9C41AC3529A2853D005F1198 = {
			isa = PBXGroup;
			children = (
				9C41AC4029A2853D005F1198 /* MVP + Unit tests */,
				9C41AC5729A2853E005F1198 /* MVP + Unit testsTests */,
				9C41AC6129A2853E005F1198 /* MVP + Unit testsUITests */,
				9C41AC3F29A2853D005F1198 /* Products */,
			);
			sourceTree = "<group>";
		};
		9C41AC3F29A2853D005F1198 /* Products */ = {
			isa = PBXGroup;
			children = (
				9C41AC3E29A2853D005F1198 /* MVP + Unit tests.app */,
				9C41AC5429A2853E005F1198 /* MVP + Unit testsTests.xctest */,
				9C41AC5E29A2853E005F1198 /* MVP + Unit testsUITests.xctest */,
			);
			name = Products;
			sourceTree = "<group>";
		};
		9C41AC4029A2853D005F1198 /* MVP + Unit tests */ = {
			isa = PBXGroup;
			children = (
				9C41AC4129A2853D005F1198 /* AppDelegate.swift */,
				9C41AC4329A2853D005F1198 /* SceneDelegate.swift */,
				9C41AC7D29A28C5E005F1198 /* ModuleBuilder.swift */,
				9C41AC8629A3752F005F1198 /* ServiceLayer */,
				9C41AC7529A289FD005F1198 /* MainModule */,
				9C41AC8A29A38156005F1198 /* DetailModule */,
				9C41AC4A29A2853E005F1198 /* Assets.xcassets */,
				9C41AC7629A28A40005F1198 /* Main.storyboard */,
				9C41AC4C29A2853E005F1198 /* LaunchScreen.storyboard */,
				9C41AC4F29A2853E005F1198 /* Info.plist */,
			);
			path = "MVP + Unit tests";
			sourceTree = "<group>";
		};
		9C41AC5729A2853E005F1198 /* MVP + Unit testsTests */ = {
			isa = PBXGroup;
			children = (
				9C41AC8129A28F97005F1198 /* TestMainModule */,
				9C41AC5829A2853E005F1198 /* MVP___Unit_testsTests.swift */,
			);
			path = "MVP + Unit testsTests";
			sourceTree = "<group>";
		};
		9C41AC6129A2853E005F1198 /* MVP + Unit testsUITests */ = {
			isa = PBXGroup;
			children = (
				9C41AC6229A2853E005F1198 /* MVP___Unit_testsUITests.swift */,
				9C41AC6429A2853E005F1198 /* MVP___Unit_testsUITestsLaunchTests.swift */,
			);
			path = "MVP + Unit testsUITests";
			sourceTree = "<group>";
		};
		9C41AC7529A289FD005F1198 /* MainModule */ = {
			isa = PBXGroup;
			children = (
				9C41AC7A29A28A84005F1198 /* Presenter */,
				9C41AC7929A28A75005F1198 /* Model */,
				9C41AC7829A28A6A005F1198 /* View */,
			);
			path = MainModule;
			sourceTree = "<group>";
		};
		9C41AC7829A28A6A005F1198 /* View */ = {
			isa = PBXGroup;
			children = (
				9C41AC4529A2853D005F1198 /* MainViewController.swift */,
				9C41AC7B29A28AFB005F1198 /* MainViewController.xib */,
			);
			path = View;
			sourceTree = "<group>";
		};
		9C41AC7929A28A75005F1198 /* Model */ = {
			isa = PBXGroup;
			children = (
				9C41AC7129A2856E005F1198 /* Comment.swift */,
			);
			path = Model;
			sourceTree = "<group>";
		};
		9C41AC7A29A28A84005F1198 /* Presenter */ = {
			isa = PBXGroup;
			children = (
				9C41AC7329A285A7005F1198 /* MainPresenter.swift */,
			);
			path = Presenter;
			sourceTree = "<group>";
		};
		9C41AC8129A28F97005F1198 /* TestMainModule */ = {
			isa = PBXGroup;
			children = (
				9C41AC8229A28FDF005F1198 /* MainPresenterTest.swift */,
			);
			path = TestMainModule;
			sourceTree = "<group>";
		};
		9C41AC8629A3752F005F1198 /* ServiceLayer */ = {
			isa = PBXGroup;
			children = (
				9C41AC8429A374BD005F1198 /* NetworkService.swift */,
			);
			path = ServiceLayer;
			sourceTree = "<group>";
		};
		9C41AC8929A38148005F1198 /* Presenter */ = {
			isa = PBXGroup;
			children = (
				9C41AC8729A37F61005F1198 /* DetailPresenter.swift */,
			);
			path = Presenter;
			sourceTree = "<group>";
		};
		9C41AC8A29A38156005F1198 /* DetailModule */ = {
			isa = PBXGroup;
			children = (
				9C41AC8F29A381A7005F1198 /* View */,
				9C41AC8929A38148005F1198 /* Presenter */,
			);
			path = DetailModule;
			sourceTree = "<group>";
		};
		9C41AC8F29A381A7005F1198 /* View */ = {
			isa = PBXGroup;
			children = (
				9C41AC8C29A3819D005F1198 /* DetailViewController.xib */,
				9C41AC8B29A3819D005F1198 /* DetailViewController.swift */,
			);
			path = View;
			sourceTree = "<group>";
		};
/* End PBXGroup section */

/* Begin PBXNativeTarget section */
		9C41AC3D29A2853D005F1198 /* MVP + Unit tests */ = {
			isa = PBXNativeTarget;
			buildConfigurationList = 9C41AC6829A2853E005F1198 /* Build configuration list for PBXNativeTarget "MVP + Unit tests" */;
			buildPhases = (
				9C41AC3A29A2853D005F1198 /* Sources */,
				9C41AC3B29A2853D005F1198 /* Frameworks */,
				9C41AC3C29A2853D005F1198 /* Resources */,
			);
			buildRules = (
			);
			dependencies = (
			);
			name = "MVP + Unit tests";
			productName = "MVP + Unit tests";
			productReference = 9C41AC3E29A2853D005F1198 /* MVP + Unit tests.app */;
			productType = "com.apple.product-type.application";
		};
		9C41AC5329A2853E005F1198 /* MVP + Unit testsTests */ = {
			isa = PBXNativeTarget;
			buildConfigurationList = 9C41AC6B29A2853E005F1198 /* Build configuration list for PBXNativeTarget "MVP + Unit testsTests" */;
			buildPhases = (
				9C41AC5029A2853E005F1198 /* Sources */,
				9C41AC5129A2853E005F1198 /* Frameworks */,
				9C41AC5229A2853E005F1198 /* Resources */,
			);
			buildRules = (
			);
			dependencies = (
				9C41AC5629A2853E005F1198 /* PBXTargetDependency */,
			);
			name = "MVP + Unit testsTests";
			productName = "MVP + Unit testsTests";
			productReference = 9C41AC5429A2853E005F1198 /* MVP + Unit testsTests.xctest */;
			productType = "com.apple.product-type.bundle.unit-test";
		};
		9C41AC5D29A2853E005F1198 /* MVP + Unit testsUITests */ = {
			isa = PBXNativeTarget;
			buildConfigurationList = 9C41AC6E29A2853E005F1198 /* Build configuration list for PBXNativeTarget "MVP + Unit testsUITests" */;
			buildPhases = (
				9C41AC5A29A2853E005F1198 /* Sources */,
				9C41AC5B29A2853E005F1198 /* Frameworks */,
				9C41AC5C29A2853E005F1198 /* Resources */,
			);
			buildRules = (
			);
			dependencies = (
				9C41AC6029A2853E005F1198 /* PBXTargetDependency */,
			);
			name = "MVP + Unit testsUITests";
			productName = "MVP + Unit testsUITests";
			productReference = 9C41AC5E29A2853E005F1198 /* MVP + Unit testsUITests.xctest */;
			productType = "com.apple.product-type.bundle.ui-testing";
		};
/* End PBXNativeTarget section */

/* Begin PBXProject section */
		9C41AC3629A2853D005F1198 /* Project object */ = {
			isa = PBXProject;
			attributes = {
				BuildIndependentTargetsInParallel = 1;
				LastSwiftUpdateCheck = 1410;
				LastUpgradeCheck = 1410;
				TargetAttributes = {
					9C41AC3D29A2853D005F1198 = {
						CreatedOnToolsVersion = 14.1;
					};
					9C41AC5329A2853E005F1198 = {
						CreatedOnToolsVersion = 14.1;
						TestTargetID = 9C41AC3D29A2853D005F1198;
					};
					9C41AC5D29A2853E005F1198 = {
						CreatedOnToolsVersion = 14.1;
						TestTargetID = 9C41AC3D29A2853D005F1198;
					};
				};
			};
			buildConfigurationList = 9C41AC3929A2853D005F1198 /* Build configuration list for PBXProject "MVP + Unit tests" */;
			compatibilityVersion = "Xcode 14.0";
			developmentRegion = en;
			hasScannedForEncodings = 0;
			knownRegions = (
				en,
				Base,
			);
			mainGroup = 9C41AC3529A2853D005F1198;
			productRefGroup = 9C41AC3F29A2853D005F1198 /* Products */;
			projectDirPath = "";
			projectRoot = "";
			targets = (
				9C41AC3D29A2853D005F1198 /* MVP + Unit tests */,
				9C41AC5329A2853E005F1198 /* MVP + Unit testsTests */,
				9C41AC5D29A2853E005F1198 /* MVP + Unit testsUITests */,
			);
		};
/* End PBXProject section */

/* Begin PBXResourcesBuildPhase section */
		9C41AC3C29A2853D005F1198 /* Resources */ = {
			isa = PBXResourcesBuildPhase;
			buildActionMask = 2147483647;
			files = (
				9C41AC4E29A2853E005F1198 /* LaunchScreen.storyboard in Resources */,
				9C41AC4B29A2853E005F1198 /* Assets.xcassets in Resources */,
				9C41AC8E29A3819D005F1198 /* DetailViewController.xib in Resources */,
				9C41AC7729A28A40005F1198 /* Main.storyboard in Resources */,
				9C41AC7C29A28AFB005F1198 /* MainViewController.xib in Resources */,
			);
			runOnlyForDeploymentPostprocessing = 0;
		};
		9C41AC5229A2853E005F1198 /* Resources */ = {
			isa = PBXResourcesBuildPhase;
			buildActionMask = 2147483647;
			files = (
			);
			runOnlyForDeploymentPostprocessing = 0;
		};
		9C41AC5C29A2853E005F1198 /* Resources */ = {
			isa = PBXResourcesBuildPhase;
			buildActionMask = 2147483647;
			files = (
			);
			runOnlyForDeploymentPostprocessing = 0;
		};
/* End PBXResourcesBuildPhase section */

/* Begin PBXSourcesBuildPhase section */
		9C41AC3A29A2853D005F1198 /* Sources */ = {
			isa = PBXSourcesBuildPhase;
			buildActionMask = 2147483647;
			files = (
				9C41AC8D29A3819D005F1198 /* DetailViewController.swift in Sources */,
				9C41AC7429A285A7005F1198 /* MainPresenter.swift in Sources */,
				9C41AC4629A2853D005F1198 /* MainViewController.swift in Sources */,
				9C41AC4229A2853D005F1198 /* AppDelegate.swift in Sources */,
				9C41AC8829A37F61005F1198 /* DetailPresenter.swift in Sources */,
				9C41AC7229A2856E005F1198 /* Comment.swift in Sources */,
				9C41AC4429A2853D005F1198 /* SceneDelegate.swift in Sources */,
				9C41AC7E29A28C5E005F1198 /* ModuleBuilder.swift in Sources */,
				9C41AC8529A374BD005F1198 /* NetworkService.swift in Sources */,
			);
			runOnlyForDeploymentPostprocessing = 0;
		};
		9C41AC5029A2853E005F1198 /* Sources */ = {
			isa = PBXSourcesBuildPhase;
			buildActionMask = 2147483647;
			files = (
				9C41AC5929A2853E005F1198 /* MVP___Unit_testsTests.swift in Sources */,
				9C41AC8329A28FDF005F1198 /* MainPresenterTest.swift in Sources */,
			);
			runOnlyForDeploymentPostprocessing = 0;
		};
		9C41AC5A29A2853E005F1198 /* Sources */ = {
			isa = PBXSourcesBuildPhase;
			buildActionMask = 2147483647;
			files = (
				9C41AC6529A2853E005F1198 /* MVP___Unit_testsUITestsLaunchTests.swift in Sources */,
				9C41AC6329A2853E005F1198 /* MVP___Unit_testsUITests.swift in Sources */,
			);
			runOnlyForDeploymentPostprocessing = 0;
		};
/* End PBXSourcesBuildPhase section */

/* Begin PBXTargetDependency section */
		9C41AC5629A2853E005F1198 /* PBXTargetDependency */ = {
			isa = PBXTargetDependency;
			target = 9C41AC3D29A2853D005F1198 /* MVP + Unit tests */;
			targetProxy = 9C41AC5529A2853E005F1198 /* PBXContainerItemProxy */;
		};
		9C41AC6029A2853E005F1198 /* PBXTargetDependency */ = {
			isa = PBXTargetDependency;
			target = 9C41AC3D29A2853D005F1198 /* MVP + Unit tests */;
			targetProxy = 9C41AC5F29A2853E005F1198 /* PBXContainerItemProxy */;
		};
/* End PBXTargetDependency section */

/* Begin PBXVariantGroup section */
		9C41AC4C29A2853E005F1198 /* LaunchScreen.storyboard */ = {
			isa = PBXVariantGroup;
			children = (
				9C41AC4D29A2853E005F1198 /* Base */,
			);
			name = LaunchScreen.storyboard;
			sourceTree = "<group>";
		};
/* End PBXVariantGroup section */

/* Begin XCBuildConfiguration section */
		9C41AC6629A2853E005F1198 /* Debug */ = {
			isa = XCBuildConfiguration;
			buildSettings = {
				ALWAYS_SEARCH_USER_PATHS = NO;
				CLANG_ANALYZER_NONNULL = YES;
				CLANG_ANALYZER_NUMBER_OBJECT_CONVERSION = YES_AGGRESSIVE;
				CLANG_CXX_LANGUAGE_STANDARD = "gnu++20";
				CLANG_ENABLE_MODULES = YES;
				CLANG_ENABLE_OBJC_ARC = YES;
				CLANG_ENABLE_OBJC_WEAK = YES;
				CLANG_WARN_BLOCK_CAPTURE_AUTORELEASING = YES;
				CLANG_WARN_BOOL_CONVERSION = YES;
				CLANG_WARN_COMMA = YES;
				CLANG_WARN_CONSTANT_CONVERSION = YES;
				CLANG_WARN_DEPRECATED_OBJC_IMPLEMENTATIONS = YES;
				CLANG_WARN_DIRECT_OBJC_ISA_USAGE = YES_ERROR;
				CLANG_WARN_DOCUMENTATION_COMMENTS = YES;
				CLANG_WARN_EMPTY_BODY = YES;
				CLANG_WARN_ENUM_CONVERSION = YES;
				CLANG_WARN_INFINITE_RECURSION = YES;
				CLANG_WARN_INT_CONVERSION = YES;
				CLANG_WARN_NON_LITERAL_NULL_CONVERSION = YES;
				CLANG_WARN_OBJC_IMPLICIT_RETAIN_SELF = YES;
				CLANG_WARN_OBJC_LITERAL_CONVERSION = YES;
				CLANG_WARN_OBJC_ROOT_CLASS = YES_ERROR;
				CLANG_WARN_QUOTED_INCLUDE_IN_FRAMEWORK_HEADER = YES;
				CLANG_WARN_RANGE_LOOP_ANALYSIS = YES;
				CLANG_WARN_STRICT_PROTOTYPES = YES;
				CLANG_WARN_SUSPICIOUS_MOVE = YES;
				CLANG_WARN_UNGUARDED_AVAILABILITY = YES_AGGRESSIVE;
				CLANG_WARN_UNREACHABLE_CODE = YES;
				CLANG_WARN__DUPLICATE_METHOD_MATCH = YES;
				COPY_PHASE_STRIP = NO;
				DEBUG_INFORMATION_FORMAT = dwarf;
				ENABLE_STRICT_OBJC_MSGSEND = YES;
				ENABLE_TESTABILITY = YES;
				GCC_C_LANGUAGE_STANDARD = gnu11;
				GCC_DYNAMIC_NO_PIC = NO;
				GCC_NO_COMMON_BLOCKS = YES;
				GCC_OPTIMIZATION_LEVEL = 0;
				GCC_PREPROCESSOR_DEFINITIONS = (
					"DEBUG=1",
					"$(inherited)",
				);
				GCC_WARN_64_TO_32_BIT_CONVERSION = YES;
				GCC_WARN_ABOUT_RETURN_TYPE = YES_ERROR;
				GCC_WARN_UNDECLARED_SELECTOR = YES;
				GCC_WARN_UNINITIALIZED_AUTOS = YES_AGGRESSIVE;
				GCC_WARN_UNUSED_FUNCTION = YES;
				GCC_WARN_UNUSED_VARIABLE = YES;
				IPHONEOS_DEPLOYMENT_TARGET = 16.1;
				MTL_ENABLE_DEBUG_INFO = INCLUDE_SOURCE;
				MTL_FAST_MATH = YES;
				ONLY_ACTIVE_ARCH = YES;
				SDKROOT = iphoneos;
				SWIFT_ACTIVE_COMPILATION_CONDITIONS = DEBUG;
				SWIFT_OPTIMIZATION_LEVEL = "-Onone";
			};
			name = Debug;
		};
		9C41AC6729A2853E005F1198 /* Release */ = {
			isa = XCBuildConfiguration;
			buildSettings = {
				ALWAYS_SEARCH_USER_PATHS = NO;
				CLANG_ANALYZER_NONNULL = YES;
				CLANG_ANALYZER_NUMBER_OBJECT_CONVERSION = YES_AGGRESSIVE;
				CLANG_CXX_LANGUAGE_STANDARD = "gnu++20";
				CLANG_ENABLE_MODULES = YES;
				CLANG_ENABLE_OBJC_ARC = YES;
				CLANG_ENABLE_OBJC_WEAK = YES;
				CLANG_WARN_BLOCK_CAPTURE_AUTORELEASING = YES;
				CLANG_WARN_BOOL_CONVERSION = YES;
				CLANG_WARN_COMMA = YES;
				CLANG_WARN_CONSTANT_CONVERSION = YES;
				CLANG_WARN_DEPRECATED_OBJC_IMPLEMENTATIONS = YES;
				CLANG_WARN_DIRECT_OBJC_ISA_USAGE = YES_ERROR;
				CLANG_WARN_DOCUMENTATION_COMMENTS = YES;
				CLANG_WARN_EMPTY_BODY = YES;
				CLANG_WARN_ENUM_CONVERSION = YES;
				CLANG_WARN_INFINITE_RECURSION = YES;
				CLANG_WARN_INT_CONVERSION = YES;
				CLANG_WARN_NON_LITERAL_NULL_CONVERSION = YES;
				CLANG_WARN_OBJC_IMPLICIT_RETAIN_SELF = YES;
				CLANG_WARN_OBJC_LITERAL_CONVERSION = YES;
				CLANG_WARN_OBJC_ROOT_CLASS = YES_ERROR;
				CLANG_WARN_QUOTED_INCLUDE_IN_FRAMEWORK_HEADER = YES;
				CLANG_WARN_RANGE_LOOP_ANALYSIS = YES;
				CLANG_WARN_STRICT_PROTOTYPES = YES;
				CLANG_WARN_SUSPICIOUS_MOVE = YES;
				CLANG_WARN_UNGUARDED_AVAILABILITY = YES_AGGRESSIVE;
				CLANG_WARN_UNREACHABLE_CODE = YES;
				CLANG_WARN__DUPLICATE_METHOD_MATCH = YES;
				COPY_PHASE_STRIP = NO;
				DEBUG_INFORMATION_FORMAT = "dwarf-with-dsym";
				ENABLE_NS_ASSERTIONS = NO;
				ENABLE_STRICT_OBJC_MSGSEND = YES;
				GCC_C_LANGUAGE_STANDARD = gnu11;
				GCC_NO_COMMON_BLOCKS = YES;
				GCC_WARN_64_TO_32_BIT_CONVERSION = YES;
				GCC_WARN_ABOUT_RETURN_TYPE = YES_ERROR;
				GCC_WARN_UNDECLARED_SELECTOR = YES;
				GCC_WARN_UNINITIALIZED_AUTOS = YES_AGGRESSIVE;
				GCC_WARN_UNUSED_FUNCTION = YES;
				GCC_WARN_UNUSED_VARIABLE = YES;
				IPHONEOS_DEPLOYMENT_TARGET = 16.1;
				MTL_ENABLE_DEBUG_INFO = NO;
				MTL_FAST_MATH = YES;
				SDKROOT = iphoneos;
				SWIFT_COMPILATION_MODE = wholemodule;
				SWIFT_OPTIMIZATION_LEVEL = "-O";
				VALIDATE_PRODUCT = YES;
			};
			name = Release;
		};
		9C41AC6929A2853E005F1198 /* Debug */ = {
			isa = XCBuildConfiguration;
			buildSettings = {
				ASSETCATALOG_COMPILER_APPICON_NAME = AppIcon;
				ASSETCATALOG_COMPILER_GLOBAL_ACCENT_COLOR_NAME = AccentColor;
				CODE_SIGN_STYLE = Automatic;
				CURRENT_PROJECT_VERSION = 1;
				DEVELOPMENT_TEAM = R9MZB3HY3K;
				GENERATE_INFOPLIST_FILE = YES;
				INFOPLIST_FILE = "MVP + Unit tests/Info.plist";
				INFOPLIST_KEY_UIApplicationSupportsIndirectInputEvents = YES;
				INFOPLIST_KEY_UILaunchStoryboardName = LaunchScreen;
				INFOPLIST_KEY_UIMainStoryboardFile = Main;
				INFOPLIST_KEY_UISupportedInterfaceOrientations_iPad = "UIInterfaceOrientationPortrait UIInterfaceOrientationPortraitUpsideDown UIInterfaceOrientationLandscapeLeft UIInterfaceOrientationLandscapeRight";
				INFOPLIST_KEY_UISupportedInterfaceOrientations_iPhone = "UIInterfaceOrientationPortrait UIInterfaceOrientationLandscapeLeft UIInterfaceOrientationLandscapeRight";
				LD_RUNPATH_SEARCH_PATHS = (
					"$(inherited)",
					"@executable_path/Frameworks",
				);
				MARKETING_VERSION = 1.0;
				PRODUCT_BUNDLE_IDENTIFIER = "com.HelgaPsycho.MVP---Unit-tests";
				PRODUCT_NAME = "$(TARGET_NAME)";
				SWIFT_EMIT_LOC_STRINGS = YES;
				SWIFT_VERSION = 5.0;
				TARGETED_DEVICE_FAMILY = "1,2";
			};
			name = Debug;
		};
		9C41AC6A29A2853E005F1198 /* Release */ = {
			isa = XCBuildConfiguration;
			buildSettings = {
				ASSETCATALOG_COMPILER_APPICON_NAME = AppIcon;
				ASSETCATALOG_COMPILER_GLOBAL_ACCENT_COLOR_NAME = AccentColor;
				CODE_SIGN_STYLE = Automatic;
				CURRENT_PROJECT_VERSION = 1;
				DEVELOPMENT_TEAM = R9MZB3HY3K;
				GENERATE_INFOPLIST_FILE = YES;
				INFOPLIST_FILE = "MVP + Unit tests/Info.plist";
				INFOPLIST_KEY_UIApplicationSupportsIndirectInputEvents = YES;
				INFOPLIST_KEY_UILaunchStoryboardName = LaunchScreen;
				INFOPLIST_KEY_UIMainStoryboardFile = Main;
				INFOPLIST_KEY_UISupportedInterfaceOrientations_iPad = "UIInterfaceOrientationPortrait UIInterfaceOrientationPortraitUpsideDown UIInterfaceOrientationLandscapeLeft UIInterfaceOrientationLandscapeRight";
				INFOPLIST_KEY_UISupportedInterfaceOrientations_iPhone = "UIInterfaceOrientationPortrait UIInterfaceOrientationLandscapeLeft UIInterfaceOrientationLandscapeRight";
				LD_RUNPATH_SEARCH_PATHS = (
					"$(inherited)",
					"@executable_path/Frameworks",
				);
				MARKETING_VERSION = 1.0;
				PRODUCT_BUNDLE_IDENTIFIER = "com.HelgaPsycho.MVP---Unit-tests";
				PRODUCT_NAME = "$(TARGET_NAME)";
				SWIFT_EMIT_LOC_STRINGS = YES;
				SWIFT_VERSION = 5.0;
				TARGETED_DEVICE_FAMILY = "1,2";
			};
			name = Release;
		};
		9C41AC6C29A2853E005F1198 /* Debug */ = {
			isa = XCBuildConfiguration;
			buildSettings = {
				ALWAYS_EMBED_SWIFT_STANDARD_LIBRARIES = YES;
				BUNDLE_LOADER = "$(TEST_HOST)";
				CODE_SIGN_STYLE = Automatic;
				CURRENT_PROJECT_VERSION = 1;
				DEVELOPMENT_TEAM = R9MZB3HY3K;
				GENERATE_INFOPLIST_FILE = YES;
				IPHONEOS_DEPLOYMENT_TARGET = 16.1;
				MARKETING_VERSION = 1.0;
				PRODUCT_BUNDLE_IDENTIFIER = "com.HelgaPsycho.MVP---Unit-testsTests";
				PRODUCT_NAME = "$(TARGET_NAME)";
				SWIFT_EMIT_LOC_STRINGS = NO;
				SWIFT_VERSION = 5.0;
				TARGETED_DEVICE_FAMILY = "1,2";
				TEST_HOST = "$(BUILT_PRODUCTS_DIR)/MVP + Unit tests.app/$(BUNDLE_EXECUTABLE_FOLDER_PATH)/MVP + Unit tests";
			};
			name = Debug;
		};
		9C41AC6D29A2853E005F1198 /* Release */ = {
			isa = XCBuildConfiguration;
			buildSettings = {
				ALWAYS_EMBED_SWIFT_STANDARD_LIBRARIES = YES;
				BUNDLE_LOADER = "$(TEST_HOST)";
				CODE_SIGN_STYLE = Automatic;
				CURRENT_PROJECT_VERSION = 1;
				DEVELOPMENT_TEAM = R9MZB3HY3K;
				GENERATE_INFOPLIST_FILE = YES;
				IPHONEOS_DEPLOYMENT_TARGET = 16.1;
				MARKETING_VERSION = 1.0;
				PRODUCT_BUNDLE_IDENTIFIER = "com.HelgaPsycho.MVP---Unit-testsTests";
				PRODUCT_NAME = "$(TARGET_NAME)";
				SWIFT_EMIT_LOC_STRINGS = NO;
				SWIFT_VERSION = 5.0;
				TARGETED_DEVICE_FAMILY = "1,2";
				TEST_HOST = "$(BUILT_PRODUCTS_DIR)/MVP + Unit tests.app/$(BUNDLE_EXECUTABLE_FOLDER_PATH)/MVP + Unit tests";
			};
			name = Release;
		};
		9C41AC6F29A2853E005F1198 /* Debug */ = {
			isa = XCBuildConfiguration;
			buildSettings = {
				ALWAYS_EMBED_SWIFT_STANDARD_LIBRARIES = YES;
				CODE_SIGN_STYLE = Automatic;
				CURRENT_PROJECT_VERSION = 1;
				DEVELOPMENT_TEAM = R9MZB3HY3K;
				GENERATE_INFOPLIST_FILE = YES;
				MARKETING_VERSION = 1.0;
				PRODUCT_BUNDLE_IDENTIFIER = "com.HelgaPsycho.MVP---Unit-testsUITests";
				PRODUCT_NAME = "$(TARGET_NAME)";
				SWIFT_EMIT_LOC_STRINGS = NO;
				SWIFT_VERSION = 5.0;
				TARGETED_DEVICE_FAMILY = "1,2";
				TEST_TARGET_NAME = "MVP + Unit tests";
			};
			name = Debug;
		};
		9C41AC7029A2853E005F1198 /* Release */ = {
			isa = XCBuildConfiguration;
			buildSettings = {
				ALWAYS_EMBED_SWIFT_STANDARD_LIBRARIES = YES;
				CODE_SIGN_STYLE = Automatic;
				CURRENT_PROJECT_VERSION = 1;
				DEVELOPMENT_TEAM = R9MZB3HY3K;
				GENERATE_INFOPLIST_FILE = YES;
				MARKETING_VERSION = 1.0;
				PRODUCT_BUNDLE_IDENTIFIER = "com.HelgaPsycho.MVP---Unit-testsUITests";
				PRODUCT_NAME = "$(TARGET_NAME)";
				SWIFT_EMIT_LOC_STRINGS = NO;
				SWIFT_VERSION = 5.0;
				TARGETED_DEVICE_FAMILY = "1,2";
				TEST_TARGET_NAME = "MVP + Unit tests";
			};
			name = Release;
		};
/* End XCBuildConfiguration section */

/* Begin XCConfigurationList section */
		9C41AC3929A2853D005F1198 /* Build configuration list for PBXProject "MVP + Unit tests" */ = {
			isa = XCConfigurationList;
			buildConfigurations = (
				9C41AC6629A2853E005F1198 /* Debug */,
				9C41AC6729A2853E005F1198 /* Release */,
			);
			defaultConfigurationIsVisible = 0;
			defaultConfigurationName = Release;
		};
		9C41AC6829A2853E005F1198 /* Build configuration list for PBXNativeTarget "MVP + Unit tests" */ = {
			isa = XCConfigurationList;
			buildConfigurations = (
				9C41AC6929A2853E005F1198 /* Debug */,
				9C41AC6A29A2853E005F1198 /* Release */,
			);
			defaultConfigurationIsVisible = 0;
			defaultConfigurationName = Release;
		};
		9C41AC6B29A2853E005F1198 /* Build configuration list for PBXNativeTarget "MVP + Unit testsTests" */ = {
			isa = XCConfigurationList;
			buildConfigurations = (
				9C41AC6C29A2853E005F1198 /* Debug */,
				9C41AC6D29A2853E005F1198 /* Release */,
			);
			defaultConfigurationIsVisible = 0;
			defaultConfigurationName = Release;
		};
		9C41AC6E29A2853E005F1198 /* Build configuration list for PBXNativeTarget "MVP + Unit testsUITests" */ = {
			isa = XCConfigurationList;
			buildConfigurations = (
				9C41AC6F29A2853E005F1198 /* Debug */,
				9C41AC7029A2853E005F1198 /* Release */,
			);
			defaultConfigurationIsVisible = 0;
			defaultConfigurationName = Release;
		};
/* End XCConfigurationList section */
	};
	rootObject = 9C41AC3629A2853D005F1198 /* Project object */;
}
